<?xml version="1.0" encoding="utf-8"?>
<Project ToolsVersion="4.0" xmlns="http://schemas.microsoft.com/developer/msbuild/2003">
  <ItemGroup>
    <ClCompile Include="SDIBalls.cpp">
      <Filter>Source</Filter>
    </ClCompile>
    <ClCompile Include="MainFrm.cpp">
      <Filter>Source</Filter>
    </ClCompile>
    <ClCompile Include="SDIBallsDoc.cpp">
      <Filter>Source</Filter>
    </ClCompile>
    <ClCompile Include="SDIBallsView.cpp">
      <Filter>Source</Filter>
    </ClCompile>
    <ClCompile Include="stdafx.cpp">
      <Filter>Source</Filter>
    </ClCompile>
  </ItemGroup>
  <ItemGroup>
    <ClInclude Include="MainFrm.h">
      <Filter>Header</Filter>
    </ClInclude>
    <ClInclude Include="Resource.h">
      <Filter>Header</Filter>
    </ClInclude>
    <ClInclude Include="SDIBalls.h">
      <Filter>Header</Filter>
    </ClInclude>
    <ClInclude Include="SDIBallsDoc.h">
      <Filter>Header</Filter>
    </ClInclude>
    <ClInclude Include="SDIBallsView.h">
      <Filter>Header</Filter>
    </ClInclude>
    <ClInclude Include="targetver.h">
      <Filter>Header</Filter>
    </ClInclude>
  </ItemGroup>
  <ItemGroup>
    <Image Include="res\SDIBalls.ico">
      <Filter>Resouce</Filter>
    </Image>
    <Image Include="res\SDIBallsDoc.ico">
      <Filter>Resouce</Filter>
    </Image>
    <Image Include="res\Toolbar.bmp">
      <Filter>Resouce</Filter>
    </Image>
    <Image Include="res\toolbar1.bmp">
      <Filter>Resouce</Filter>
    </Image>
  </ItemGroup>
  <ItemGroup>
    <Filter Include="Header">
      <UniqueIdentifier>{8c7859e0-8700-4f33-8014-3bc6f07b131b}</UniqueIdentifier>
    </Filter>
    <Filter Include="Source">
      <UniqueIdentifier>{151d247b-1d69-4538-978b-782a237010b1}</UniqueIdentifier>
    </Filter>
    <Filter Include="Resouce">
      <UniqueIdentifier>{caa86c70-4921-43b4-b294-2ee351b98b87}</UniqueIdentifier>
    </Filter>
  </ItemGroup>
  <ItemGroup>
    <None Include="res\SDIBalls.rc2">
      <Filter>Resouce</Filter>
    </None>
  </ItemGroup>
  <ItemGroup>
    <ResourceCompile Include="SDIBalls">
      <Filter>Resouce</Filter>
    </ResourceCompile>
  </ItemGroup>
</Project>